{
  "name": "orbi-website-worker",
  "version": "1.0.0",
  "lockfileVersion": 3,
  "requires": true,
  "packages": {
    "": {
      "name": "orbi-website-worker",
      "version": "1.0.0",
      "dependencies": {
        "@datafast/ai-crawl": "^1.0.9"
      }
    },
    "node_modules/@datafast/ai-crawl": {
      "version": "1.0.9",
      "resolved": "https://registry.npmjs.org/@datafast/ai-crawl/-/ai-crawl-1.0.9.tgz",
      "integrity": "sha512-S+EUH3l2jpJMXdaxTEtL84PTv1WiOsA61tSnI4Y8QT+NWDUHVFpNZtDiLiO7Nw+GtuK71XB5PzhxHgoDGI66hA==",
      "license": "MIT"
    }
  }
}
